
Microsoft Visual Studio Solution File, Format Version 12.00
# Visual Studio Version 17
VisualStudioVersion = 17.7.34009.444
MinimumVisualStudioVersion = 10.0.40219.1
Project("{9A19103F-16F7-4668-BE54-9A1E7A4F7556}") = "DFS", "DFS.csproj", "{8771A371-3FE8-4269-8092-16621CE595DD}"
EndProject
Project("{FAE04EC0-301F-11D3-BF4B-00C04F79EFBC}") = "test", "..\test\test.csproj", "{6775FD7F-AE6E-46A0-B17F-6ECF3B30D0EB}"
EndProject
Global
	GlobalSection(SolutionConfigurationPlatforms) = preSolution
		Debug|Any CPU = Debug|Any CPU
		Release|Any CPU = Release|Any CPU
	EndGlobalSection
	GlobalSection(ProjectConfigurationPlatforms) = postSolution
		{8771A371-3FE8-4269-8092-16621CE595DD}.Debug|Any CPU.ActiveCfg = Debug|Any CPU
		{8771A371-3FE8-4269-8092-16621CE595DD}.Debug|Any CPU.Build.0 = Debug|Any CPU
		{8771A371-3FE8-4269-8092-16621CE595DD}.Release|Any CPU.ActiveCfg = Release|Any CPU
		{8771A371-3FE8-4269-8092-16621CE595DD}.Release|Any CPU.Build.0 = Release|Any CPU
		{6775FD7F-AE6E-46A0-B17F-6ECF3B30D0EB}.Debug|Any CPU.ActiveCfg = Debug|Any CPU
		{6775FD7F-AE6E-46A0-B17F-6ECF3B30D0EB}.Debug|Any CPU.Build.0 = Debug|Any CPU
		{6775FD7F-AE6E-46A0-B17F-6ECF3B30D0EB}.Release|Any CPU.ActiveCfg = Release|Any CPU
		{6775FD7F-AE6E-46A0-B17F-6ECF3B30D0EB}.Release|Any CPU.Build.0 = Release|Any CPU
	EndGlobalSection
	GlobalSection(SolutionProperties) = preSolution
		HideSolutionNode = FALSE
	EndGlobalSection
	GlobalSection(ExtensibilityGlobals) = postSolution
		SolutionGuid = {485D227E-97C4-420F-A8A7-CC3CDD8F5030}
	EndGlobalSection
EndGlobal
